
Microsoft Visual Studio Solution File, Format Version 12.00
# Visual Studio Version 17
VisualStudioVersion = 17.0.32112.339
MinimumVisualStudioVersion = 10.0.40219.1
Project("{FAE04EC0-301F-11D3-BF4B-00C04F79EFBC}") = "Project", "Project.csproj", "{B085FB1C-ED75-4C7F-8904-7CEBDBC3BB00}"
EndProject
Global
	GlobalSection(SolutionConfigurationPlatforms) = preSolution
		Debug|Any CPU = Debug|Any CPU
		Release|Any CPU = Release|Any CPU
	EndGlobalSection
	GlobalSection(ProjectConfigurationPlatforms) = postSolution
		{B085FB1C-ED75-4C7F-8904-7CEBDBC3BB00}.Debug|Any CPU.ActiveCfg = Debug|Any CPU
		{B085FB1C-ED75-4C7F-8904-7CEBDBC3BB00}.Debug|Any CPU.Build.0 = Debug|Any CPU
		{B085FB1C-ED75-4C7F-8904-7CEBDBC3BB00}.Release|Any CPU.ActiveCfg = Release|Any CPU
		{B085FB1C-ED75-4C7F-8904-7CEBDBC3BB00}.Release|Any CPU.Build.0 = Release|Any CPU
	EndGlobalSection
	GlobalSection(SolutionProperties) = preSolution
		HideSolutionNode = FALSE
	EndGlobalSection
	GlobalSection(ExtensibilityGlobals) = postSolution
		SolutionGuid = {805C2E0C-2091-4B0F-97C8-3AA338B36285}
	EndGlobalSection
EndGlobal
