
Microsoft Visual Studio Solution File, Format Version 12.00
# Visual Studio Version 17
VisualStudioVersion = 17.0.32112.339
MinimumVisualStudioVersion = 10.0.40219.1
Project("{FAE04EC0-301F-11D3-BF4B-00C04F79EFBC}") = "PC", "PC\PC.csproj", "{201D3731-0F51-4DA1-B6D1-8093D3D50D7A}"
EndProject
Global
	GlobalSection(SolutionConfigurationPlatforms) = preSolution
		Debug|Any CPU = Debug|Any CPU
		Release|Any CPU = Release|Any CPU
	EndGlobalSection
	GlobalSection(ProjectConfigurationPlatforms) = postSolution
		{201D3731-0F51-4DA1-B6D1-8093D3D50D7A}.Debug|Any CPU.ActiveCfg = Debug|Any CPU
		{201D3731-0F51-4DA1-B6D1-8093D3D50D7A}.Debug|Any CPU.Build.0 = Debug|Any CPU
		{201D3731-0F51-4DA1-B6D1-8093D3D50D7A}.Release|Any CPU.ActiveCfg = Release|Any CPU
		{201D3731-0F51-4DA1-B6D1-8093D3D50D7A}.Release|Any CPU.Build.0 = Release|Any CPU
	EndGlobalSection
	GlobalSection(SolutionProperties) = preSolution
		HideSolutionNode = FALSE
	EndGlobalSection
	GlobalSection(ExtensibilityGlobals) = postSolution
		SolutionGuid = {D4E81BC1-ED82-40DA-9486-9D03D83FBE33}
	EndGlobalSection
EndGlobal
